
Microsoft Visual Studio Solution File, Format Version 12.00
# Visual Studio 14
VisualStudioVersion = 14.0.23107.0
MinimumVisualStudioVersion = 10.0.40219.1
Project("{FAE04EC0-301F-11D3-BF4B-00C04F79EFBC}") = "WpfAutoCompleteControls", "WpfAutoCompleteControls\WpfAutoCompleteControls.csproj", "{9425AF6E-5B23-45D8-90B9-EFD5B63E81DC}"
EndProject
Project("{FAE04EC0-301F-11D3-BF4B-00C04F79EFBC}") = "TestApp", "TestApp\TestApp.csproj", "{E09F0E5B-8558-4005-AFBE-3646B954CB7B}"
EndProject
Project("{FAE04EC0-301F-11D3-BF4B-00C04F79EFBC}") = "WpfAutoCompleteControlsTests", "WpfAutoCompleteControlsTests\WpfAutoCompleteControlsTests.csproj", "{D7A0776B-C7D5-4B21-8097-4F031320B29D}"
EndProject
Global
	GlobalSection(SolutionConfigurationPlatforms) = preSolution
		Debug|Any CPU = Debug|Any CPU
		Release|Any CPU = Release|Any CPU
	EndGlobalSection
	GlobalSection(ProjectConfigurationPlatforms) = postSolution
		{9425AF6E-5B23-45D8-90B9-EFD5B63E81DC}.Debug|Any CPU.ActiveCfg = Debug|Any CPU
		{9425AF6E-5B23-45D8-90B9-EFD5B63E81DC}.Debug|Any CPU.Build.0 = Debug|Any CPU
		{9425AF6E-5B23-45D8-90B9-EFD5B63E81DC}.Release|Any CPU.ActiveCfg = Release|Any CPU
		{9425AF6E-5B23-45D8-90B9-EFD5B63E81DC}.Release|Any CPU.Build.0 = Release|Any CPU
		{E09F0E5B-8558-4005-AFBE-3646B954CB7B}.Debug|Any CPU.ActiveCfg = Debug|Any CPU
		{E09F0E5B-8558-4005-AFBE-3646B954CB7B}.Debug|Any CPU.Build.0 = Debug|Any CPU
		{E09F0E5B-8558-4005-AFBE-3646B954CB7B}.Release|Any CPU.ActiveCfg = Release|Any CPU
		{E09F0E5B-8558-4005-AFBE-3646B954CB7B}.Release|Any CPU.Build.0 = Release|Any CPU
		{D7A0776B-C7D5-4B21-8097-4F031320B29D}.Debug|Any CPU.ActiveCfg = Debug|Any CPU
		{D7A0776B-C7D5-4B21-8097-4F031320B29D}.Debug|Any CPU.Build.0 = Debug|Any CPU
		{D7A0776B-C7D5-4B21-8097-4F031320B29D}.Release|Any CPU.ActiveCfg = Release|Any CPU
		{D7A0776B-C7D5-4B21-8097-4F031320B29D}.Release|Any CPU.Build.0 = Release|Any CPU
	EndGlobalSection
	GlobalSection(SolutionProperties) = preSolution
		HideSolutionNode = FALSE
	EndGlobalSection
EndGlobal
